
Microsoft Visual Studio Solution File, Format Version 12.00
# Visual Studio Version 17
VisualStudioVersion = 17.14.37216.2
MinimumVisualStudioVersion = 10.0.40219.1
Project("{FAE04EC0-301F-11D3-BF4B-00C04F79EFBC}") = "ABCRetail.AzureStorage", "ABCRetail.AzureStorage.csproj", "{869440A2-BB77-4120-8037-B4D1DA5F3F5D}"
EndProject
Project("{FAE04EC0-301F-11D3-BF4B-00C04F79EFBC}") = "AzureRetail.Functions", "AzureRetail.Functions\AzureRetail.Functions.csproj", "{76765D85-7334-9BBB-B6C3-C83FE03F5E30}"
EndProject
Global
	GlobalSection(SolutionConfigurationPlatforms) = preSolution
		Debug|Any CPU = Debug|Any CPU
		Release|Any CPU = Release|Any CPU
	EndGlobalSection
	GlobalSection(ProjectConfigurationPlatforms) = postSolution
		{869440A2-BB77-4120-8037-B4D1DA5F3F5D}.Debug|Any CPU.ActiveCfg = Debug|Any CPU
		{869440A2-BB77-4120-8037-B4D1DA5F3F5D}.Debug|Any CPU.Build.0 = Debug|Any CPU
		{869440A2-BB77-4120-8037-B4D1DA5F3F5D}.Release|Any CPU.ActiveCfg = Release|Any CPU
		{869440A2-BB77-4120-8037-B4D1DA5F3F5D}.Release|Any CPU.Build.0 = Release|Any CPU
		{76765D85-7334-9BBB-B6C3-C83FE03F5E30}.Debug|Any CPU.ActiveCfg = Debug|Any CPU
		{76765D85-7334-9BBB-B6C3-C83FE03F5E30}.Debug|Any CPU.Build.0 = Debug|Any CPU
		{76765D85-7334-9BBB-B6C3-C83FE03F5E30}.Release|Any CPU.ActiveCfg = Release|Any CPU
		{76765D85-7334-9BBB-B6C3-C83FE03F5E30}.Release|Any CPU.Build.0 = Release|Any CPU
	EndGlobalSection
	GlobalSection(SolutionProperties) = preSolution
		HideSolutionNode = FALSE
	EndGlobalSection
	GlobalSection(ExtensibilityGlobals) = postSolution
		SolutionGuid = {90A17B15-5D85-48D5-AD52-1B317405AEA8}
	EndGlobalSection
EndGlobal
